
Microsoft Visual Studio Solution File, Format Version 12.00
# Visual Studio Version 16
VisualStudioVersion = 16.0.32228.343
MinimumVisualStudioVersion = 10.0.40219.1
Project("{FAE04EC0-301F-11D3-BF4B-00C04F79EFBC}") = "SistemasDeTarefas", "SistemasDeTarefas\SistemasDeTarefas.csproj", "{D96261EC-E233-4C12-91E5-980A06C58AEF}"
EndProject
Global
	GlobalSection(SolutionConfigurationPlatforms) = preSolution
		Debug|Any CPU = Debug|Any CPU
		Release|Any CPU = Release|Any CPU
	EndGlobalSection
	GlobalSection(ProjectConfigurationPlatforms) = postSolution
		{D96261EC-E233-4C12-91E5-980A06C58AEF}.Debug|Any CPU.ActiveCfg = Debug|Any CPU
		{D96261EC-E233-4C12-91E5-980A06C58AEF}.Debug|Any CPU.Build.0 = Debug|Any CPU
		{D96261EC-E233-4C12-91E5-980A06C58AEF}.Release|Any CPU.ActiveCfg = Release|Any CPU
		{D96261EC-E233-4C12-91E5-980A06C58AEF}.Release|Any CPU.Build.0 = Release|Any CPU
	EndGlobalSection
	GlobalSection(SolutionProperties) = preSolution
		HideSolutionNode = FALSE
	EndGlobalSection
	GlobalSection(ExtensibilityGlobals) = postSolution
		SolutionGuid = {1E5EC932-B2B3-441E-9096-6C30E9185015}
	EndGlobalSection
EndGlobal
